// !$*UTF8*$!
{
	archiveVersion = 1;
	classes = {
	};
	objectVersion = 46;
	objects = {

/* Begin PBXBuildFile section */
		D93CEB8C1B205E07009B9359 /* main.m in Sources */ = {isa = PBXBuildFile; fileRef = D93CEB8B1B205E07009B9359 /* main.m */; };
		D93CEB8F1B205E07009B9359 /* AppDelegate.m in Sources */ = {isa = PBXBuildFile; fileRef = D93CEB8E1B205E07009B9359 /* AppDelegate.m */; };
		D93CEB921B205E07009B9359 /* ViewController.m in Sources */ = {isa = PBXBuildFile; fileRef = D93CEB911B205E07009B9359 /* ViewController.m */; };
		D93CEB951B205E07009B9359 /* Main.storyboard in Resources */ = {isa = PBXBuildFile; fileRef = D93CEB931B205E07009B9359 /* Main.storyboard */; };
		D93CEB971B205E07009B9359 /* Images.xcassets in Resources */ = {isa = PBXBuildFile; fileRef = D93CEB961B205E07009B9359 /* Images.xcassets */; };
		D93CEB9A1B205E07009B9359 /* LaunchScreen.xib in Resources */ = {isa = PBXBuildFile; fileRef = D93CEB981B205E07009B9359 /* LaunchScreen.xib */; };
		D93CEBA61B205E07009B9359 /* digitalclockTests.m in Sources */ = {isa = PBXBuildFile; fileRef = D93CEBA51B205E07009B9359 /* digitalclockTests.m */; };
/* End PBXBuildFile section */

/* Begin PBXContainerItemProxy section */
		D93CEBA01B205E07009B9359 /* PBXContainerItemProxy */ = {
			isa = PBXContainerItemProxy;
			containerPortal = D93CEB7E1B205E07009B9359 /* Project object */;
			proxyType = 1;
			remoteGlobalIDString = D93CEB851B205E07009B9359;
			remoteInfo = digitalclock;
		};
/* End PBXContainerItemProxy section */

/* Begin PBXFileReference section */
		D91B71021B218C5E00343361 /* ja-JP */ = {isa = PBXFileReference; lastKnownFileType = text.plist.strings; name = "ja-JP"; path = "ja-JP.lproj/LaunchScreen.strings"; sourceTree = "<group>"; };
		D93CEB861B205E07009B9359 /* digitalclock.app */ = {isa = PBXFileReference; explicitFileType = wrapper.application; includeInIndex = 0; path = digitalclock.app; sourceTree = BUILT_PRODUCTS_DIR; };
		D93CEB8A1B205E07009B9359 /* Info.plist */ = {isa = PBXFileReference; lastKnownFileType = text.plist.xml; path = Info.plist; sourceTree = "<group>"; };
		D93CEB8B1B205E07009B9359 /* main.m */ = {isa = PBXFileReference; lastKnownFileType = sourcecode.c.objc; path = main.m; sourceTree = "<group>"; };
		D93CEB8D1B205E07009B9359 /* AppDelegate.h */ = {isa = PBXFileReference; lastKnownFileType = sourcecode.c.h; path = AppDelegate.h; sourceTree = "<group>"; };
		D93CEB8E1B205E07009B9359 /* AppDelegate.m */ = {isa = PBXFileReference; lastKnownFileType = sourcecode.c.objc; path = AppDelegate.m; sourceTree = "<group>"; };
		D93CEB901B205E07009B9359 /* ViewController.h */ = {isa = PBXFileReference; lastKnownFileType = sourcecode.c.h; path = ViewController.h; sourceTree = "<group>"; };
		D93CEB911B205E07009B9359 /* ViewController.m */ = {isa = PBXFileReference; lastKnownFileType = sourcecode.c.objc; path = ViewController.m; sourceTree = "<group>"; };
		D93CEB941B205E07009B9359 /* Base */ = {isa = PBXFileReference; lastKnownFileType = file.storyboard; name = Base; path = Base.lproj/Main.storyboard; sourceTree = "<group>"; };
		D93CEB961B205E07009B9359 /* Images.xcassets */ = {isa = PBXFileReference; lastKnownFileType = folder.assetcatalog; path = Images.xcassets; sourceTree = "<group>"; };
		D93CEB991B205E07009B9359 /* Base */ = {isa = PBXFileReference; lastKnownFileType = file.xib; name = Base; path = Base.lproj/LaunchScreen.xib; sourceTree = "<group>"; };
		D93CEB9F1B205E07009B9359 /* digitalclockTests.xctest */ = {isa = PBXFileReference; explicitFileType = wrapper.cfbundle; includeInIndex = 0; path = digitalclockTests.xctest; sourceTree = BUILT_PRODUCTS_DIR; };
		D93CEBA41B205E07009B9359 /* Info.plist */ = {isa = PBXFileReference; lastKnownFileType = text.plist.xml; path = Info.plist; sourceTree = "<group>"; };
		D93CEBA51B205E07009B9359 /* digitalclockTests.m */ = {isa = PBXFileReference; lastKnownFileType = sourcecode.c.objc; path = digitalclockTests.m; sourceTree = "<group>"; };
/* End PBXFileReference section */

/* Begin PBXFrameworksBuildPhase section */
		D93CEB831B205E07009B9359 /* Frameworks */ = {
			isa = PBXFrameworksBuildPhase;
			buildActionMask = 2147483647;
			files = (
			);
			runOnlyForDeploymentPostprocessing = 0;
		};
		D93CEB9C1B205E07009B9359 /* Frameworks */ = {
			isa = PBXFrameworksBuildPhase;
			buildActionMask = 2147483647;
			files = (
			);
			runOnlyForDeploymentPostprocessing = 0;
		};
/* End PBXFrameworksBuildPhase section */

/* Begin PBXGroup section */
		D93CEB7D1B205E07009B9359 = {
			isa = PBXGroup;
			children = (
				D93CEB881B205E07009B9359 /* digitalclock */,
				D93CEBA21B205E07009B9359 /* digitalclockTests */,
				D93CEB871B205E07009B9359 /* Products */,
			);
			sourceTree = "<group>";
		};
		D93CEB871B205E07009B9359 /* Products */ = {
			isa = PBXGroup;
			children = (
				D93CEB861B205E07009B9359 /* digitalclock.app */,
				D93CEB9F1B205E07009B9359 /* digitalclockTests.xctest */,
			);
			name = Products;
			sourceTree = "<group>";
		};
		D93CEB881B205E07009B9359 /* digitalclock */ = {
			isa = PBXGroup;
			children = (
				D93CEB8D1B205E07009B9359 /* AppDelegate.h */,
				D93CEB8E1B205E07009B9359 /* AppDelegate.m */,
				D93CEB901B205E07009B9359 /* ViewController.h */,
				D93CEB911B205E07009B9359 /* ViewController.m */,
				D93CEB931B205E07009B9359 /* Main.storyboard */,
				D93CEB961B205E07009B9359 /* Images.xcassets */,
				D93CEB981B205E07009B9359 /* LaunchScreen.xib */,
				D93CEB891B205E07009B9359 /* Supporting Files */,
			);
			path = digitalclock;
			sourceTree = "<group>";
		};
		D93CEB891B205E07009B9359 /* Supporting Files */ = {
			isa = PBXGroup;
			children = (
				D93CEB8A1B205E07009B9359 /* Info.plist */,
				D93CEB8B1B205E07009B9359 /* main.m */,
			);
			name = "Supporting Files";
			sourceTree = "<group>";
		};
		D93CEBA21B205E07009B9359 /* digitalclockTests */ = {
			isa = PBXGroup;
			children = (
				D93CEBA51B205E07009B9359 /* digitalclockTests.m */,
				D93CEBA31B205E07009B9359 /* Supporting Files */,
			);
			path = digitalclockTests;
			sourceTree = "<group>";
		};
		D93CEBA31B205E07009B9359 /* Supporting Files */ = {
			isa = PBXGroup;
			children = (
				D93CEBA41B205E07009B9359 /* Info.plist */,
			);
			name = "Supporting Files";
			sourceTree = "<group>";
		};
/* End PBXGroup section */

/* Begin PBXNativeTarget section */
		D93CEB851B205E07009B9359 /* digitalclock */ = {
			isa = PBXNativeTarget;
			buildConfigurationList = D93CEBA91B205E07009B9359 /* Build configuration list for PBXNativeTarget "digitalclock" */;
			buildPhases = (
				D93CEB821B205E07009B9359 /* Sources */,
				D93CEB831B205E07009B9359 /* Frameworks */,
				D93CEB841B205E07009B9359 /* Resources */,
			);
			buildRules = (
			);
			dependencies = (
			);
			name = digitalclock;
			productName = digitalclock;
			productReference = D93CEB861B205E07009B9359 /* digitalclock.app */;
			productType = "com.apple.product-type.application";
		};
		D93CEB9E1B205E07009B9359 /* digitalclockTests */ = {
			isa = PBXNativeTarget;
			buildConfigurationList = D93CEBAC1B205E07009B9359 /* Build configuration list for PBXNativeTarget "digitalclockTests" */;
			buildPhases = (
				D93CEB9B1B205E07009B9359 /* Sources */,
				D93CEB9C1B205E07009B9359 /* Frameworks */,
				D93CEB9D1B205E07009B9359 /* Resources */,
			);
			buildRules = (
			);
			dependencies = (
				D93CEBA11B205E07009B9359 /* PBXTargetDependency */,
			);
			name = digitalclockTests;
			productName = digitalclockTests;
			productReference = D93CEB9F1B205E07009B9359 /* digitalclockTests.xctest */;
			productType = "com.apple.product-type.bundle.unit-test";
		};
/* End PBXNativeTarget section */

/* Begin PBXProject section */
		D93CEB7E1B205E07009B9359 /* Project object */ = {
			isa = PBXProject;
			attributes = {
				LastUpgradeCheck = 0630;
				ORGANIZATIONNAME = "Vocka Huang";
				TargetAttributes = {
					D93CEB851B205E07009B9359 = {
						CreatedOnToolsVersion = 6.3.2;
					};
					D93CEB9E1B205E07009B9359 = {
						CreatedOnToolsVersion = 6.3.2;
						TestTargetID = D93CEB851B205E07009B9359;
					};
				};
			};
			buildConfigurationList = D93CEB811B205E07009B9359 /* Build configuration list for PBXProject "digitalclock" */;
			compatibilityVersion = "Xcode 3.2";
			developmentRegion = English;
			hasScannedForEncodings = 0;
			knownRegions = (
				en,
				Base,
			);
			mainGroup = D93CEB7D1B205E07009B9359;
			productRefGroup = D93CEB871B205E07009B9359 /* Products */;
			projectDirPath = "";
			projectRoot = "";
			targets = (
				D93CEB851B205E07009B9359 /* digitalclock */,
				D93CEB9E1B205E07009B9359 /* digitalclockTests */,
			);
		};
/* End PBXProject section */

/* Begin PBXResourcesBuildPhase section */
		D93CEB841B205E07009B9359 /* Resources */ = {
			isa = PBXResourcesBuildPhase;
			buildActionMask = 2147483647;
			files = (
				D93CEB951B205E07009B9359 /* Main.storyboard in Resources */,
				D93CEB9A1B205E07009B9359 /* LaunchScreen.xib in Resources */,
				D93CEB971B205E07009B9359 /* Images.xcassets in Resources */,
			);
			runOnlyForDeploymentPostprocessing = 0;
		};
		D93CEB9D1B205E07009B9359 /* Resources */ = {
			isa = PBXResourcesBuildPhase;
			buildActionMask = 2147483647;
			files = (
			);
			runOnlyForDeploymentPostprocessing = 0;
		};
/* End PBXResourcesBuildPhase section */

/* Begin PBXSourcesBuildPhase section */
		D93CEB821B205E07009B9359 /* Sources */ = {
			isa = PBXSourcesBuildPhase;
			buildActionMask = 2147483647;
			files = (
				D93CEB921B205E07009B9359 /* ViewController.m in Sources */,
				D93CEB8F1B205E07009B9359 /* AppDelegate.m in Sources */,
				D93CEB8C1B205E07009B9359 /* main.m in Sources */,
			);
			runOnlyForDeploymentPostprocessing = 0;
		};
		D93CEB9B1B205E07009B9359 /* Sources */ = {
			isa = PBXSourcesBuildPhase;
			buildActionMask = 2147483647;
			files = (
				D93CEBA61B205E07009B9359 /* digitalclockTests.m in Sources */,
			);
			runOnlyForDeploymentPostprocessing = 0;
		};
/* End PBXSourcesBuildPhase section */

/* Begin PBXTargetDependency section */
		D93CEBA11B205E07009B9359 /* PBXTargetDependency */ = {
			isa = PBXTargetDependency;
			target = D93CEB851B205E07009B9359 /* digitalclock */;
			targetProxy = D93CEBA01B205E07009B9359 /* PBXContainerItemProxy */;
		};
/* End PBXTargetDependency section */

/* Begin PBXVariantGroup section */
		D93CEB931B205E07009B9359 /* Main.storyboard */ = {
			isa = PBXVariantGroup;
			children = (
				D93CEB941B205E07009B9359 /* Base */,
			);
			name = Main.storyboard;
			sourceTree = "<group>";
		};
		D93CEB981B205E07009B9359 /* LaunchScreen.xib */ = {
			isa = PBXVariantGroup;
			children = (
				D93CEB991B205E07009B9359 /* Base */,
				D91B71021B218C5E00343361 /* ja-JP */,
			);
			name = LaunchScreen.xib;
			sourceTree = "<group>";
		};
/* End PBXVariantGroup section */

/* Begin XCBuildConfiguration section */
		D93CEBA71B205E07009B9359 /* Debug */ = {
			isa = XCBuildConfiguration;
			buildSettings = {
				ALWAYS_SEARCH_USER_PATHS = NO;
				CLANG_CXX_LANGUAGE_STANDARD = "gnu++0x";
				CLANG_CXX_LIBRARY = "libc++";
				CLANG_ENABLE_MODULES = YES;
				CLANG_ENABLE_OBJC_ARC = YES;
				CLANG_WARN_BOOL_CONVERSION = YES;
				CLANG_WARN_CONSTANT_CONVERSION = YES;
				CLANG_WARN_DIRECT_OBJC_ISA_USAGE = YES_ERROR;
				CLANG_WARN_EMPTY_BODY = YES;
				CLANG_WARN_ENUM_CONVERSION = YES;
				CLANG_WARN_INT_CONVERSION = YES;
				CLANG_WARN_OBJC_ROOT_CLASS = YES_ERROR;
				CLANG_WARN_UNREACHABLE_CODE = YES;
				CLANG_WARN__DUPLICATE_METHOD_MATCH = YES;
				"CODE_SIGN_IDENTITY[sdk=iphoneos*]" = "iPhone Developer";
				COPY_PHASE_STRIP = NO;
				DEBUG_INFORMATION_FORMAT = "dwarf-with-dsym";
				ENABLE_STRICT_OBJC_MSGSEND = YES;
				GCC_C_LANGUAGE_STANDARD = gnu99;
				GCC_DYNAMIC_NO_PIC = NO;
				GCC_NO_COMMON_BLOCKS = YES;
				GCC_OPTIMIZATION_LEVEL = 0;
				GCC_PREPROCESSOR_DEFINITIONS = (
					"DEBUG=1",
					"$(inherited)",
				);
				GCC_SYMBOLS_PRIVATE_EXTERN = NO;
				GCC_WARN_64_TO_32_BIT_CONVERSION = YES;
				GCC_WARN_ABOUT_RETURN_TYPE = YES_ERROR;
				GCC_WARN_UNDECLARED_SELECTOR = YES;
				GCC_WARN_UNINITIALIZED_AUTOS = YES_AGGRESSIVE;
				GCC_WARN_UNUSED_FUNCTION = YES;
				GCC_WARN_UNUSED_VARIABLE = YES;
				IPHONEOS_DEPLOYMENT_TARGET = 8.3;
				MTL_ENABLE_DEBUG_INFO = YES;
				ONLY_ACTIVE_ARCH = YES;
				SDKROOT = iphoneos;
			};
			name = Debug;
		};
		D93CEBA81B205E07009B9359 /* Release */ = {
			isa = XCBuildConfiguration;
			buildSettings = {
				ALWAYS_SEARCH_USER_PATHS = NO;
				CLANG_CXX_LANGUAGE_STANDARD = "gnu++0x";
				CLANG_CXX_LIBRARY = "libc++";
				CLANG_ENABLE_MODULES = YES;
				CLANG_ENABLE_OBJC_ARC = YES;
				CLANG_WARN_BOOL_CONVERSION = YES;
				CLANG_WARN_CONSTANT_CONVERSION = YES;
				CLANG_WARN_DIRECT_OBJC_ISA_USAGE = YES_ERROR;
				CLANG_WARN_EMPTY_BODY = YES;
				CLANG_WARN_ENUM_CONVERSION = YES;
				CLANG_WARN_INT_CONVERSION = YES;
				CLANG_WARN_OBJC_ROOT_CLASS = YES_ERROR;
				CLANG_WARN_UNREACHABLE_CODE = YES;
				CLANG_WARN__DUPLICATE_METHOD_MATCH = YES;
				"CODE_SIGN_IDENTITY[sdk=iphoneos*]" = "iPhone Developer";
				COPY_PHASE_STRIP = NO;
				DEBUG_INFORMATION_FORMAT = "dwarf-with-dsym";
				ENABLE_NS_ASSERTIONS = NO;
				ENABLE_STRICT_OBJC_MSGSEND = YES;
				GCC_C_LANGUAGE_STANDARD = gnu99;
				GCC_NO_COMMON_BLOCKS = YES;
				GCC_WARN_64_TO_32_BIT_CONVERSION = YES;
				GCC_WARN_ABOUT_RETURN_TYPE = YES_ERROR;
				GCC_WARN_UNDECLARED_SELECTOR = YES;
				GCC_WARN_UNINITIALIZED_AUTOS = YES_AGGRESSIVE;
				GCC_WARN_UNUSED_FUNCTION = YES;
				GCC_WARN_UNUSED_VARIABLE = YES;
				IPHONEOS_DEPLOYMENT_TARGET = 8.3;
				MTL_ENABLE_DEBUG_INFO = NO;
				SDKROOT = iphoneos;
				VALIDATE_PRODUCT = YES;
			};
			name = Release;
		};
		D93CEBAA1B205E07009B9359 /* Debug */ = {
			isa = XCBuildConfiguration;
			buildSettings = {
				ASSETCATALOG_COMPILER_APPICON_NAME = AppIcon;
				INFOPLIST_FILE = digitalclock/Info.plist;
				LD_RUNPATH_SEARCH_PATHS = "$(inherited) @executable_path/Frameworks";
				PRODUCT_NAME = "$(TARGET_NAME)";
				TARGETED_DEVICE_FAMILY = 1;
			};
			name = Debug;
		};
		D93CEBAB1B205E07009B9359 /* Release */ = {
			isa = XCBuildConfiguration;
			buildSettings = {
				ASSETCATALOG_COMPILER_APPICON_NAME = AppIcon;
				INFOPLIST_FILE = digitalclock/Info.plist;
				LD_RUNPATH_SEARCH_PATHS = "$(inherited) @executable_path/Frameworks";
				PRODUCT_NAME = "$(TARGET_NAME)";
				TARGETED_DEVICE_FAMILY = 1;
			};
			name = Release;
		};
		D93CEBAD1B205E07009B9359 /* Debug */ = {
			isa = XCBuildConfiguration;
			buildSettings = {
				BUNDLE_LOADER = "$(TEST_HOST)";
				FRAMEWORK_SEARCH_PATHS = (
					"$(SDKROOT)/Developer/Library/Frameworks",
					"$(inherited)",
				);
				GCC_PREPROCESSOR_DEFINITIONS = (
					"DEBUG=1",
					"$(inherited)",
				);
				INFOPLIST_FILE = digitalclockTests/Info.plist;
				LD_RUNPATH_SEARCH_PATHS = "$(inherited) @executable_path/Frameworks @loader_path/Frameworks";
				PRODUCT_NAME = "$(TARGET_NAME)";
				TEST_HOST = "$(BUILT_PRODUCTS_DIR)/digitalclock.app/digitalclock";
			};
			name = Debug;
		};
		D93CEBAE1B205E07009B9359 /* Release */ = {
			isa = XCBuildConfiguration;
			buildSettings = {
				BUNDLE_LOADER = "$(TEST_HOST)";
				FRAMEWORK_SEARCH_PATHS = (
					"$(SDKROOT)/Developer/Library/Frameworks",
					"$(inherited)",
				);
				INFOPLIST_FILE = digitalclockTests/Info.plist;
				LD_RUNPATH_SEARCH_PATHS = "$(inherited) @executable_path/Frameworks @loader_path/Frameworks";
				PRODUCT_NAME = "$(TARGET_NAME)";
				TEST_HOST = "$(BUILT_PRODUCTS_DIR)/digitalclock.app/digitalclock";
			};
			name = Release;
		};
/* End XCBuildConfiguration section */

/* Begin XCConfigurationList section */
		D93CEB811B205E07009B9359 /* Build configuration list for PBXProject "digitalclock" */ = {
			isa = XCConfigurationList;
			buildConfigurations = (
				D93CEBA71B205E07009B9359 /* Debug */,
				D93CEBA81B205E07009B9359 /* Release */,
			);
			defaultConfigurationIsVisible = 0;
			defaultConfigurationName = Release;
		};
		D93CEBA91B205E07009B9359 /* Build configuration list for PBXNativeTarget "digitalclock" */ = {
			isa = XCConfigurationList;
			buildConfigurations = (
				D93CEBAA1B205E07009B9359 /* Debug */,
				D93CEBAB1B205E07009B9359 /* Release */,
			);
			defaultConfigurationIsVisible = 0;
			defaultConfigurationName = Release;
		};
		D93CEBAC1B205E07009B9359 /* Build configuration list for PBXNativeTarget "digitalclockTests" */ = {
			isa = XCConfigurationList;
			buildConfigurations = (
				D93CEBAD1B205E07009B9359 /* Debug */,
				D93CEBAE1B205E07009B9359 /* Release */,
			);
			defaultConfigurationIsVisible = 0;
			defaultConfigurationName = Release;
		};
/* End XCConfigurationList section */
	};
	rootObject = D93CEB7E1B205E07009B9359 /* Project object */;
}
